
Microsoft Visual Studio Solution File, Format Version 12.00
# Visual Studio Version 17
VisualStudioVersion = 17.3.32825.248
MinimumVisualStudioVersion = 10.0.40219.1
Project("{FAE04EC0-301F-11D3-BF4B-00C04F79EFBC}") = "StocksCoreApiSharp", "StocksCoreApiSharp\StocksCoreApiSharp.csproj", "{0CB03988-11A2-405F-8E5B-B69A805AD66E}"
EndProject
Project("{FAE04EC0-301F-11D3-BF4B-00C04F79EFBC}") = "StocksCoreApiSharp.Test", "StocksCoreApiSharp.Test\StocksCoreApiSharp.Test.csproj", "{84C55824-4244-41B7-8A5C-8786947A4681}"
EndProject
Global
	GlobalSection(SolutionConfigurationPlatforms) = preSolution
		Debug|Any CPU = Debug|Any CPU
		Release|Any CPU = Release|Any CPU
	EndGlobalSection
	GlobalSection(ProjectConfigurationPlatforms) = postSolution
		{0CB03988-11A2-405F-8E5B-B69A805AD66E}.Debug|Any CPU.ActiveCfg = Debug|Any CPU
		{0CB03988-11A2-405F-8E5B-B69A805AD66E}.Debug|Any CPU.Build.0 = Debug|Any CPU
		{0CB03988-11A2-405F-8E5B-B69A805AD66E}.Release|Any CPU.ActiveCfg = Release|Any CPU
		{0CB03988-11A2-405F-8E5B-B69A805AD66E}.Release|Any CPU.Build.0 = Release|Any CPU
		{84C55824-4244-41B7-8A5C-8786947A4681}.Debug|Any CPU.ActiveCfg = Debug|Any CPU
		{84C55824-4244-41B7-8A5C-8786947A4681}.Debug|Any CPU.Build.0 = Debug|Any CPU
		{84C55824-4244-41B7-8A5C-8786947A4681}.Release|Any CPU.ActiveCfg = Release|Any CPU
		{84C55824-4244-41B7-8A5C-8786947A4681}.Release|Any CPU.Build.0 = Release|Any CPU
	EndGlobalSection
	GlobalSection(SolutionProperties) = preSolution
		HideSolutionNode = FALSE
	EndGlobalSection
	GlobalSection(ExtensibilityGlobals) = postSolution
		SolutionGuid = {E889BE2D-2761-40DC-8F82-92135532F0A0}
	EndGlobalSection
EndGlobal
